
Microsoft Visual Studio Solution File, Format Version 12.00
# Visual Studio Version 17
VisualStudioVersion = 17.5.002.0
MinimumVisualStudioVersion = 10.0.40219.1
Project("{9A19103F-16F7-4668-BE54-9A1E7A4F7556}") = "singleton", "singleton.csproj", "{664E2A42-EBFB-498E-8C1E-64CC9AAB78DA}"
EndProject
Global
	GlobalSection(SolutionConfigurationPlatforms) = preSolution
		Debug|Any CPU = Debug|Any CPU
		Release|Any CPU = Release|Any CPU
	EndGlobalSection
	GlobalSection(ProjectConfigurationPlatforms) = postSolution
		{664E2A42-EBFB-498E-8C1E-64CC9AAB78DA}.Debug|Any CPU.ActiveCfg = Debug|Any CPU
		{664E2A42-EBFB-498E-8C1E-64CC9AAB78DA}.Debug|Any CPU.Build.0 = Debug|Any CPU
		{664E2A42-EBFB-498E-8C1E-64CC9AAB78DA}.Release|Any CPU.ActiveCfg = Release|Any CPU
		{664E2A42-EBFB-498E-8C1E-64CC9AAB78DA}.Release|Any CPU.Build.0 = Release|Any CPU
	EndGlobalSection
	GlobalSection(SolutionProperties) = preSolution
		HideSolutionNode = FALSE
	EndGlobalSection
	GlobalSection(ExtensibilityGlobals) = postSolution
		SolutionGuid = {97C1EF5F-8306-45EA-BC36-636657D9975C}
	EndGlobalSection
EndGlobal
